
Microsoft Visual Studio Solution File, Format Version 12.00
# Visual Studio 15
VisualStudioVersion = 15.0.26730.12
MinimumVisualStudioVersion = 10.0.40219.1
Project("{9A19103F-16F7-4668-BE54-9A1E7A4F7556}") = "function-app", "function-app\function-app.csproj", "{BDD4B1D5-49C1-41D8-A0A7-5869593CDF8C}"
EndProject
Project("{9A19103F-16F7-4668-BE54-9A1E7A4F7556}") = "EventHubPublisher", "EventHubPublisher\EventHubPublisher.csproj", "{F368F3EF-121C-4E57-A870-9E2E171C4EF9}"
EndProject
Project("{FAE04EC0-301F-11D3-BF4B-00C04F79EFBC}") = "CustomExtensions", "CustomExtensions\CustomExtensions.csproj", "{E4E4F575-AB45-41AF-ADE8-D1D2C4A2DD29}"
EndProject
Global
	GlobalSection(SolutionConfigurationPlatforms) = preSolution
		Debug|Any CPU = Debug|Any CPU
		Release|Any CPU = Release|Any CPU
	EndGlobalSection
	GlobalSection(ProjectConfigurationPlatforms) = postSolution
		{BDD4B1D5-49C1-41D8-A0A7-5869593CDF8C}.Debug|Any CPU.ActiveCfg = Debug|Any CPU
		{BDD4B1D5-49C1-41D8-A0A7-5869593CDF8C}.Debug|Any CPU.Build.0 = Debug|Any CPU
		{BDD4B1D5-49C1-41D8-A0A7-5869593CDF8C}.Release|Any CPU.ActiveCfg = Release|Any CPU
		{BDD4B1D5-49C1-41D8-A0A7-5869593CDF8C}.Release|Any CPU.Build.0 = Release|Any CPU
		{F368F3EF-121C-4E57-A870-9E2E171C4EF9}.Debug|Any CPU.ActiveCfg = Debug|Any CPU
		{F368F3EF-121C-4E57-A870-9E2E171C4EF9}.Debug|Any CPU.Build.0 = Debug|Any CPU
		{F368F3EF-121C-4E57-A870-9E2E171C4EF9}.Release|Any CPU.ActiveCfg = Release|Any CPU
		{F368F3EF-121C-4E57-A870-9E2E171C4EF9}.Release|Any CPU.Build.0 = Release|Any CPU
		{E4E4F575-AB45-41AF-ADE8-D1D2C4A2DD29}.Debug|Any CPU.ActiveCfg = Debug|Any CPU
		{E4E4F575-AB45-41AF-ADE8-D1D2C4A2DD29}.Debug|Any CPU.Build.0 = Debug|Any CPU
		{E4E4F575-AB45-41AF-ADE8-D1D2C4A2DD29}.Release|Any CPU.ActiveCfg = Release|Any CPU
		{E4E4F575-AB45-41AF-ADE8-D1D2C4A2DD29}.Release|Any CPU.Build.0 = Release|Any CPU
	EndGlobalSection
	GlobalSection(SolutionProperties) = preSolution
		HideSolutionNode = FALSE
	EndGlobalSection
	GlobalSection(ExtensibilityGlobals) = postSolution
		SolutionGuid = {81C2AE28-5952-472E-9A28-F0AD5AFE25D3}
	EndGlobalSection
EndGlobal
